
Microsoft Visual Studio Solution File, Format Version 12.00
# Visual Studio Version 17
VisualStudioVersion = 17.0.31903.59
MinimumVisualStudioVersion = 10.0.40219.1
Project("{FAE04EC0-301F-11D3-BF4B-00C04F79EFBC}") = "FlsurfDesktop", "FlsurfDesktop\FlsurfDesktop.csproj", "{38491496-0031-4470-B7A8-84D1F3C0D4F3}"
EndProject
Project("{FAE04EC0-301F-11D3-BF4B-00C04F79EFBC}") = "FlsurfDesktop.Core", "FlsurfDesktop.Core\FlsurfDesktop.Core.csproj", "{42C87FBF-B1F1-4F27-914E-7090EF5A4907}"
EndProject
Project("{FAE04EC0-301F-11D3-BF4B-00C04F79EFBC}") = "FlsurfDesktop.Platform", "FlsurfDesktop.Platform\FlsurfDesktop.Platform.csproj", "{48710D47-1EDE-4035-B922-B5571208E9F9}"
EndProject
Global
	GlobalSection(SolutionConfigurationPlatforms) = preSolution
		Debug|Any CPU = Debug|Any CPU
		Release|Any CPU = Release|Any CPU
	EndGlobalSection
	GlobalSection(SolutionProperties) = preSolution
		HideSolutionNode = FALSE
	EndGlobalSection
	GlobalSection(ProjectConfigurationPlatforms) = postSolution
		{38491496-0031-4470-B7A8-84D1F3C0D4F3}.Debug|Any CPU.ActiveCfg = Debug|Any CPU
		{38491496-0031-4470-B7A8-84D1F3C0D4F3}.Debug|Any CPU.Build.0 = Debug|Any CPU
		{38491496-0031-4470-B7A8-84D1F3C0D4F3}.Release|Any CPU.ActiveCfg = Release|Any CPU
		{38491496-0031-4470-B7A8-84D1F3C0D4F3}.Release|Any CPU.Build.0 = Release|Any CPU
		{42C87FBF-B1F1-4F27-914E-7090EF5A4907}.Debug|Any CPU.ActiveCfg = Debug|Any CPU
		{42C87FBF-B1F1-4F27-914E-7090EF5A4907}.Debug|Any CPU.Build.0 = Debug|Any CPU
		{42C87FBF-B1F1-4F27-914E-7090EF5A4907}.Release|Any CPU.ActiveCfg = Release|Any CPU
		{42C87FBF-B1F1-4F27-914E-7090EF5A4907}.Release|Any CPU.Build.0 = Release|Any CPU
		{48710D47-1EDE-4035-B922-B5571208E9F9}.Debug|Any CPU.ActiveCfg = Debug|Any CPU
		{48710D47-1EDE-4035-B922-B5571208E9F9}.Debug|Any CPU.Build.0 = Debug|Any CPU
		{48710D47-1EDE-4035-B922-B5571208E9F9}.Release|Any CPU.ActiveCfg = Release|Any CPU
		{48710D47-1EDE-4035-B922-B5571208E9F9}.Release|Any CPU.Build.0 = Release|Any CPU
	EndGlobalSection
EndGlobal
